
Microsoft Visual Studio Solution File, Format Version 12.00
# Visual Studio 15
VisualStudioVersion = 15.0.26430.15
MinimumVisualStudioVersion = 10.0.40219.1
Project("{FAE04EC0-301F-11D3-BF4B-00C04F79EFBC}") = "FlexGridComboCycle", "FlexGridComboCycle.csproj", "{53AC01FB-D292-40F6-B52A-F4922B7B99EC}"
EndProject
Global
	GlobalSection(SolutionConfigurationPlatforms) = preSolution
		Debug|Any CPU = Debug|Any CPU
		Release|Any CPU = Release|Any CPU
	EndGlobalSection
	GlobalSection(ProjectConfigurationPlatforms) = postSolution
		{53AC01FB-D292-40F6-B52A-F4922B7B99EC}.Debug|Any CPU.ActiveCfg = Debug|Any CPU
		{53AC01FB-D292-40F6-B52A-F4922B7B99EC}.Debug|Any CPU.Build.0 = Debug|Any CPU
		{53AC01FB-D292-40F6-B52A-F4922B7B99EC}.Release|Any CPU.ActiveCfg = Release|Any CPU
		{53AC01FB-D292-40F6-B52A-F4922B7B99EC}.Release|Any CPU.Build.0 = Release|Any CPU
	EndGlobalSection
	GlobalSection(SolutionProperties) = preSolution
		HideSolutionNode = FALSE
	EndGlobalSection
EndGlobal
